{
  "name": "my-nextjs-tailwind-site",
  "version": "1.0.0",
  "lockfileVersion": 1,
  "requires": true,
  "dependencies": {
    "lucide-react": {
      "version": "0.485.0",
      "resolved": "https://registry.npmjs.org/lucide-react/-/lucide-react-0.485.0.tgz",
      "integrity": "sha512-NvyQJ0LKyyCxL23nPKESlr/jmz8r7fJO1bkuptSNYSy0s8VVj4ojhX0YAgmE1e0ewfxUZjIlZpvH+otfTnla8Q=="
    }
  }
}
